
Microsoft Visual Studio Solution File, Format Version 12.00
# Visual Studio 14
VisualStudioVersion = 14.0.23107.0
MinimumVisualStudioVersion = 10.0.40219.1
Project("{FAE04EC0-301F-11D3-BF4B-00C04F79EFBC}") = "Dictionary", "Dictionary\Dictionary.csproj", "{A34CB8C5-F183-41B5-AD96-30E7C213EFE9}"
EndProject
Project("{FAE04EC0-301F-11D3-BF4B-00C04F79EFBC}") = "Dictionary.UITests", "Dictionary.UITests\Dictionary.UITests.csproj", "{B4FF8DBD-9ED5-478A-A035-C439B3BBEA88}"
EndProject
Global
	GlobalSection(SolutionConfigurationPlatforms) = preSolution
		Debug|Any CPU = Debug|Any CPU
		Release|Any CPU = Release|Any CPU
	EndGlobalSection
	GlobalSection(ProjectConfigurationPlatforms) = postSolution
		{A34CB8C5-F183-41B5-AD96-30E7C213EFE9}.Debug|Any CPU.ActiveCfg = Debug|Any CPU
		{A34CB8C5-F183-41B5-AD96-30E7C213EFE9}.Debug|Any CPU.Build.0 = Debug|Any CPU
		{A34CB8C5-F183-41B5-AD96-30E7C213EFE9}.Debug|Any CPU.Deploy.0 = Debug|Any CPU
		{A34CB8C5-F183-41B5-AD96-30E7C213EFE9}.Release|Any CPU.ActiveCfg = Release|Any CPU
		{A34CB8C5-F183-41B5-AD96-30E7C213EFE9}.Release|Any CPU.Build.0 = Release|Any CPU
		{B4FF8DBD-9ED5-478A-A035-C439B3BBEA88}.Debug|Any CPU.ActiveCfg = Debug|Any CPU
		{B4FF8DBD-9ED5-478A-A035-C439B3BBEA88}.Debug|Any CPU.Build.0 = Debug|Any CPU
		{B4FF8DBD-9ED5-478A-A035-C439B3BBEA88}.Release|Any CPU.ActiveCfg = Release|Any CPU
		{B4FF8DBD-9ED5-478A-A035-C439B3BBEA88}.Release|Any CPU.Build.0 = Release|Any CPU
	EndGlobalSection
	GlobalSection(SolutionProperties) = preSolution
		HideSolutionNode = FALSE
	EndGlobalSection
EndGlobal
